
Microsoft Visual Studio Solution File, Format Version 12.00
# Visual Studio Version 17
VisualStudioVersion = 17.13.35931.197 d17.13
MinimumVisualStudioVersion = 10.0.40219.1
Project("{FAE04EC0-301F-11D3-BF4B-00C04F79EFBC}") = "MyShop", "MyShop.csproj", "{4385C6EC-95B2-46AC-B0F2-1D025737E09E}"
EndProject
Global
	GlobalSection(SolutionConfigurationPlatforms) = preSolution
		Debug|Any CPU = Debug|Any CPU
		Release|Any CPU = Release|Any CPU
	EndGlobalSection
	GlobalSection(ProjectConfigurationPlatforms) = postSolution
		{4385C6EC-95B2-46AC-B0F2-1D025737E09E}.Debug|Any CPU.ActiveCfg = Debug|Any CPU
		{4385C6EC-95B2-46AC-B0F2-1D025737E09E}.Debug|Any CPU.Build.0 = Debug|Any CPU
		{4385C6EC-95B2-46AC-B0F2-1D025737E09E}.Release|Any CPU.ActiveCfg = Release|Any CPU
		{4385C6EC-95B2-46AC-B0F2-1D025737E09E}.Release|Any CPU.Build.0 = Release|Any CPU
	EndGlobalSection
	GlobalSection(SolutionProperties) = preSolution
		HideSolutionNode = FALSE
	EndGlobalSection
	GlobalSection(ExtensibilityGlobals) = postSolution
		SolutionGuid = {C5DC9D11-082D-44D2-AB7A-D3AF276DDED1}
	EndGlobalSection
EndGlobal
